
Microsoft Visual Studio Solution File, Format Version 12.00
# Visual Studio 15
Project("{FAE04EC0-301F-11D3-BF4B-00C04F79EFBC}") = "Assembly-CSharp", "Assembly-CSharp.csproj", "{EC3AD0CF-FAA7-EE41-AD73-A3AA3475E855}"
EndProject
Project("{FAE04EC0-301F-11D3-BF4B-00C04F79EFBC}") = "Assembly-CSharp", "Assembly-CSharp.Player.csproj", "{82FDB32A-C6FD-05A6-EE61-9812BC393AB8}"
EndProject
Global
	GlobalSection(SolutionConfigurationPlatforms) = preSolution
		Debug|Any CPU = Debug|Any CPU
		Release|Any CPU = Release|Any CPU
	EndGlobalSection
	GlobalSection(ProjectConfigurationPlatforms) = postSolution
		{EC3AD0CF-FAA7-EE41-AD73-A3AA3475E855}.Debug|Any CPU.ActiveCfg = Debug|Any CPU
		{EC3AD0CF-FAA7-EE41-AD73-A3AA3475E855}.Debug|Any CPU.Build.0 = Debug|Any CPU
		{EC3AD0CF-FAA7-EE41-AD73-A3AA3475E855}.Release|Any CPU.ActiveCfg = Release|Any CPU
		{EC3AD0CF-FAA7-EE41-AD73-A3AA3475E855}.Release|Any CPU.Build.0 = Release|Any CPU
		{82FDB32A-C6FD-05A6-EE61-9812BC393AB8}.Debug|Any CPU.ActiveCfg = Debug|Any CPU
		{82FDB32A-C6FD-05A6-EE61-9812BC393AB8}.Debug|Any CPU.Build.0 = Debug|Any CPU
		{82FDB32A-C6FD-05A6-EE61-9812BC393AB8}.Release|Any CPU.ActiveCfg = Release|Any CPU
		{82FDB32A-C6FD-05A6-EE61-9812BC393AB8}.Release|Any CPU.Build.0 = Release|Any CPU
	EndGlobalSection
	GlobalSection(SolutionProperties) = preSolution
		HideSolutionNode = FALSE
	EndGlobalSection
EndGlobal
